
Microsoft Visual Studio Solution File, Format Version 12.00
# Visual Studio Version 17
VisualStudioVersion = 17.9.34622.214
MinimumVisualStudioVersion = 10.0.40219.1
Project("{FAE04EC0-301F-11D3-BF4B-00C04F79EFBC}") = "MyFirstWebApplication", "MyFirstWebApplication\MyFirstWebApplication.csproj", "{1790634D-B6BF-4039-9A5F-F174909D0796}"
EndProject
Global
	GlobalSection(SolutionConfigurationPlatforms) = preSolution
		Debug|Any CPU = Debug|Any CPU
		Release|Any CPU = Release|Any CPU
	EndGlobalSection
	GlobalSection(ProjectConfigurationPlatforms) = postSolution
		{1790634D-B6BF-4039-9A5F-F174909D0796}.Debug|Any CPU.ActiveCfg = Debug|Any CPU
		{1790634D-B6BF-4039-9A5F-F174909D0796}.Debug|Any CPU.Build.0 = Debug|Any CPU
		{1790634D-B6BF-4039-9A5F-F174909D0796}.Release|Any CPU.ActiveCfg = Release|Any CPU
		{1790634D-B6BF-4039-9A5F-F174909D0796}.Release|Any CPU.Build.0 = Release|Any CPU
	EndGlobalSection
	GlobalSection(SolutionProperties) = preSolution
		HideSolutionNode = FALSE
	EndGlobalSection
	GlobalSection(ExtensibilityGlobals) = postSolution
		SolutionGuid = {904F95F0-976B-456B-9E18-C120063900F3}
	EndGlobalSection
EndGlobal
